Microsoft Visual Studio Solution File, Format Version 12.00
# Visual Studio 16
VisualStudioVersion = 15.0.27428.2011
MinimumVisualStudioVersion = 10.0.40219.1
Project("{FAE04EC0-301F-11D3-BF4B-00C04F79EFBC}") = "SecondaryAxesSample", "SecondaryAxesSample\SecondaryAxesSample.Net5.csproj", "{89A98387-5418-411D-B19A-193005CF33A7}"
EndProject
Global
	GlobalSection(SolutionConfigurationPlatforms) = preSolution
		Debug|Any CPU = Debug|Any CPU
		Release|Any CPU = Release|Any CPU
	EndGlobalSection
	GlobalSection(ProjectConfigurationPlatforms) = postSolution
		{89A98387-5418-411D-B19A-193005CF33A7}.Debug|Any CPU.ActiveCfg = Debug|Any CPU
		{89A98387-5418-411D-B19A-193005CF33A7}.Debug|Any CPU.Build.0 = Debug|Any CPU
		{89A98387-5418-411D-B19A-193005CF33A7}.Release|Any CPU.ActiveCfg = Release|Any CPU
		{89A98387-5418-411D-B19A-193005CF33A7}.Release|Any CPU.Build.0 = Release|Any CPU
	EndGlobalSection
	GlobalSection(SolutionProperties) = preSolution
		HideSolutionNode = FALSE
	EndGlobalSection
	GlobalSection(ExtensibilityGlobals) = postSolution
		SolutionGuid = {B5DA0B45-ECF8-4EF3-BC3B-CA2A6904C009}
	EndGlobalSection
EndGlobal
